
Microsoft Visual Studio Solution File, Format Version 12.00
# Visual Studio Version 17
VisualStudioVersion = 17.4.33403.182
MinimumVisualStudioVersion = 10.0.40219.1
Project("{FAE04EC0-301F-11D3-BF4B-00C04F79EFBC}") = "Bai3", "Bai3\Bai3.csproj", "{F42DCAAB-9441-4FEE-85E5-5A702A3C0EC0}"
EndProject
Global
	GlobalSection(SolutionConfigurationPlatforms) = preSolution
		Debug|Any CPU = Debug|Any CPU
		Release|Any CPU = Release|Any CPU
	EndGlobalSection
	GlobalSection(ProjectConfigurationPlatforms) = postSolution
		{F42DCAAB-9441-4FEE-85E5-5A702A3C0EC0}.Debug|Any CPU.ActiveCfg = Debug|Any CPU
		{F42DCAAB-9441-4FEE-85E5-5A702A3C0EC0}.Debug|Any CPU.Build.0 = Debug|Any CPU
		{F42DCAAB-9441-4FEE-85E5-5A702A3C0EC0}.Release|Any CPU.ActiveCfg = Release|Any CPU
		{F42DCAAB-9441-4FEE-85E5-5A702A3C0EC0}.Release|Any CPU.Build.0 = Release|Any CPU
	EndGlobalSection
	GlobalSection(SolutionProperties) = preSolution
		HideSolutionNode = FALSE
	EndGlobalSection
	GlobalSection(ExtensibilityGlobals) = postSolution
		SolutionGuid = {395C2A93-68DC-4F58-AE44-149C19C52DA2}
	EndGlobalSection
EndGlobal
